{
  "requires": true,
  "lockfileVersion": 1,
  "dependencies": {
    "countdowntimer": {
      "version": "2.0.1",
      "resolved": "https://registry.npmjs.org/countdowntimer/-/countdowntimer-2.0.1.tgz",
      "integrity": "sha512-chZbPV+16Ls4WM8k8N/cO/EH+XBUiQP2mmLSnU34gHcsqLkOaiukX4rlZaH0LHcaAapsYukOQrcy+A97LE7MJw==",
      "requires": {
        "jquery": "^3.2.1"
      }
    },
    "jquery": {
      "version": "3.5.1",
      "resolved": "https://registry.npmjs.org/jquery/-/jquery-3.5.1.tgz",
      "integrity": "sha512-XwIBPqcMn57FxfT+Go5pzySnm4KWkT1Tv7gjrpT1srtf8Weynl6R273VJ5GjkRb51IzMp5nbaPjJXMWeju2MKg=="
    }
  }
}
